// !$*UTF8*$!
{
	archiveVersion = 1;
	classes = {
	};
	objectVersion = 46;
	objects = {

/* Begin PBXBuildFile section */
		870D2DC61D596BA400941361 /* main.m in Sources */ = {isa = PBXBuildFile; fileRef = 870D2DC51D596BA400941361 /* main.m */; };
		870D2DC91D596BA400941361 /* AppDelegate.m in Sources */ = {isa = PBXBuildFile; fileRef = 870D2DC81D596BA400941361 /* AppDelegate.m */; };
		870D2DCC1D596BA400941361 /* ViewController.m in Sources */ = {isa = PBXBuildFile; fileRef = 870D2DCB1D596BA400941361 /* ViewController.m */; };
		870D2DCF1D596BA400941361 /* Main.storyboard in Resources */ = {isa = PBXBuildFile; fileRef = 870D2DCD1D596BA400941361 /* Main.storyboard */; };
		870D2DD21D596BA400941361 /* __.xcdatamodeld in Sources */ = {isa = PBXBuildFile; fileRef = 870D2DD01D596BA400941361 /* __.xcdatamodeld */; };
		870D2DD41D596BA400941361 /* Assets.xcassets in Resources */ = {isa = PBXBuildFile; fileRef = 870D2DD31D596BA400941361 /* Assets.xcassets */; };
		870D2DD71D596BA400941361 /* LaunchScreen.storyboard in Resources */ = {isa = PBXBuildFile; fileRef = 870D2DD51D596BA400941361 /* LaunchScreen.storyboard */; };
		870D2DE21D596BA400941361 /* __Tests.m in Sources */ = {isa = PBXBuildFile; fileRef = 870D2DE11D596BA400941361 /* __Tests.m */; };
		870D2DED1D596BA400941361 /* __UITests.m in Sources */ = {isa = PBXBuildFile; fileRef = 870D2DEC1D596BA400941361 /* __UITests.m */; };
		870D2DFD1D596BDE00941361 /* NSString+SSLTool.m in Sources */ = {isa = PBXBuildFile; fileRef = 870D2DFC1D596BDE00941361 /* NSString+SSLTool.m */; };
/* End PBXBuildFile section */

/* Begin PBXContainerItemProxy section */
		870D2DDE1D596BA400941361 /* PBXContainerItemProxy */ = {
			isa = PBXContainerItemProxy;
			containerPortal = 870D2DB91D596BA400941361 /* Project object */;
			proxyType = 1;
			remoteGlobalIDString = 870D2DC01D596BA400941361;
			remoteInfo = "加密";
		};
		870D2DE91D596BA400941361 /* PBXContainerItemProxy */ = {
			isa = PBXContainerItemProxy;
			containerPortal = 870D2DB91D596BA400941361 /* Project object */;
			proxyType = 1;
			remoteGlobalIDString = 870D2DC01D596BA400941361;
			remoteInfo = "加密";
		};
/* End PBXContainerItemProxy section */

/* Begin PBXFileReference section */
		870D2DC11D596BA400941361 /* 加密.app */ = {isa = PBXFileReference; explicitFileType = wrapper.application; includeInIndex = 0; path = "加密.app"; sourceTree = BUILT_PRODUCTS_DIR; };
		870D2DC51D596BA400941361 /* main.m */ = {isa = PBXFileReference; lastKnownFileType = sourcecode.c.objc; path = main.m; sourceTree = "<group>"; };
		870D2DC71D596BA400941361 /* AppDelegate.h */ = {isa = PBXFileReference; lastKnownFileType = sourcecode.c.h; path = AppDelegate.h; sourceTree = "<group>"; };
		870D2DC81D596BA400941361 /* AppDelegate.m */ = {isa = PBXFileReference; lastKnownFileType = sourcecode.c.objc; path = AppDelegate.m; sourceTree = "<group>"; };
		870D2DCA1D596BA400941361 /* ViewController.h */ = {isa = PBXFileReference; lastKnownFileType = sourcecode.c.h; path = ViewController.h; sourceTree = "<group>"; };
		870D2DCB1D596BA400941361 /* ViewController.m */ = {isa = PBXFileReference; lastKnownFileType = sourcecode.c.objc; path = ViewController.m; sourceTree = "<group>"; };
		870D2DCE1D596BA400941361 /* Base */ = {isa = PBXFileReference; lastKnownFileType = file.storyboard; name = Base; path = Base.lproj/Main.storyboard; sourceTree = "<group>"; };
		870D2DD11D596BA400941361 /* __.xcdatamodel */ = {isa = PBXFileReference; lastKnownFileType = wrapper.xcdatamodel; path = __.xcdatamodel; sourceTree = "<group>"; };
		870D2DD31D596BA400941361 /* Assets.xcassets */ = {isa = PBXFileReference; lastKnownFileType = folder.assetcatalog; path = Assets.xcassets; sourceTree = "<group>"; };
		870D2DD61D596BA400941361 /* Base */ = {isa = PBXFileReference; lastKnownFileType = file.storyboard; name = Base; path = Base.lproj/LaunchScreen.storyboard; sourceTree = "<group>"; };
		870D2DD81D596BA400941361 /* Info.plist */ = {isa = PBXFileReference; lastKnownFileType = text.plist.xml; path = Info.plist; sourceTree = "<group>"; };
		870D2DDD1D596BA400941361 /* 加密Tests.xctest */ = {isa = PBXFileReference; explicitFileType = wrapper.cfbundle; includeInIndex = 0; path = "加密Tests.xctest"; sourceTree = BUILT_PRODUCTS_DIR; };
		870D2DE11D596BA400941361 /* __Tests.m */ = {isa = PBXFileReference; lastKnownFileType = sourcecode.c.objc; path = __Tests.m; sourceTree = "<group>"; };
		870D2DE31D596BA400941361 /* Info.plist */ = {isa = PBXFileReference; lastKnownFileType = text.plist.xml; path = Info.plist; sourceTree = "<group>"; };
		870D2DE81D596BA400941361 /* 加密UITests.xctest */ = {isa = PBXFileReference; explicitFileType = wrapper.cfbundle; includeInIndex = 0; path = "加密UITests.xctest"; sourceTree = BUILT_PRODUCTS_DIR; };
		870D2DEC1D596BA400941361 /* __UITests.m */ = {isa = PBXFileReference; lastKnownFileType = sourcecode.c.objc; path = __UITests.m; sourceTree = "<group>"; };
		870D2DEE1D596BA400941361 /* Info.plist */ = {isa = PBXFileReference; lastKnownFileType = text.plist.xml; path = Info.plist; sourceTree = "<group>"; };
		870D2DFB1D596BDE00941361 /* NSString+SSLTool.h */ = {isa = PBXFileReference; fileEncoding = 4; lastKnownFileType = sourcecode.c.h; path = "NSString+SSLTool.h"; sourceTree = "<group>"; };
		870D2DFC1D596BDE00941361 /* NSString+SSLTool.m */ = {isa = PBXFileReference; fileEncoding = 4; lastKnownFileType = sourcecode.c.objc; path = "NSString+SSLTool.m"; sourceTree = "<group>"; };
/* End PBXFileReference section */

/* Begin PBXFrameworksBuildPhase section */
		870D2DBE1D596BA400941361 /* Frameworks */ = {
			isa = PBXFrameworksBuildPhase;
			buildActionMask = 2147483647;
			files = (
			);
			runOnlyForDeploymentPostprocessing = 0;
		};
		870D2DDA1D596BA400941361 /* Frameworks */ = {
			isa = PBXFrameworksBuildPhase;
			buildActionMask = 2147483647;
			files = (
			);
			runOnlyForDeploymentPostprocessing = 0;
		};
		870D2DE51D596BA400941361 /* Frameworks */ = {
			isa = PBXFrameworksBuildPhase;
			buildActionMask = 2147483647;
			files = (
			);
			runOnlyForDeploymentPostprocessing = 0;
		};
/* End PBXFrameworksBuildPhase section */

/* Begin PBXGroup section */
		870D2DB81D596BA400941361 = {
			isa = PBXGroup;
			children = (
				870D2DC31D596BA400941361 /* 加密 */,
				870D2DE01D596BA400941361 /* 加密Tests */,
				870D2DEB1D596BA400941361 /* 加密UITests */,
				870D2DC21D596BA400941361 /* Products */,
			);
			sourceTree = "<group>";
		};
		870D2DC21D596BA400941361 /* Products */ = {
			isa = PBXGroup;
			children = (
				870D2DC11D596BA400941361 /* 加密.app */,
				870D2DDD1D596BA400941361 /* 加密Tests.xctest */,
				870D2DE81D596BA400941361 /* 加密UITests.xctest */,
			);
			name = Products;
			sourceTree = "<group>";
		};
		870D2DC31D596BA400941361 /* 加密 */ = {
			isa = PBXGroup;
			children = (
				870D2DFA1D596BB100941361 /* Tool */,
				870D2DC71D596BA400941361 /* AppDelegate.h */,
				870D2DC81D596BA400941361 /* AppDelegate.m */,
				870D2DCA1D596BA400941361 /* ViewController.h */,
				870D2DCB1D596BA400941361 /* ViewController.m */,
				870D2DCD1D596BA400941361 /* Main.storyboard */,
				870D2DD31D596BA400941361 /* Assets.xcassets */,
				870D2DD51D596BA400941361 /* LaunchScreen.storyboard */,
				870D2DD81D596BA400941361 /* Info.plist */,
				870D2DD01D596BA400941361 /* __.xcdatamodeld */,
				870D2DC41D596BA400941361 /* Supporting Files */,
			);
			path = "加密";
			sourceTree = "<group>";
		};
		870D2DC41D596BA400941361 /* Supporting Files */ = {
			isa = PBXGroup;
			children = (
				870D2DC51D596BA400941361 /* main.m */,
			);
			name = "Supporting Files";
			sourceTree = "<group>";
		};
		870D2DE01D596BA400941361 /* 加密Tests */ = {
			isa = PBXGroup;
			children = (
				870D2DE11D596BA400941361 /* __Tests.m */,
				870D2DE31D596BA400941361 /* Info.plist */,
			);
			path = "加密Tests";
			sourceTree = "<group>";
		};
		870D2DEB1D596BA400941361 /* 加密UITests */ = {
			isa = PBXGroup;
			children = (
				870D2DEC1D596BA400941361 /* __UITests.m */,
				870D2DEE1D596BA400941361 /* Info.plist */,
			);
			path = "加密UITests";
			sourceTree = "<group>";
		};
		870D2DFA1D596BB100941361 /* Tool */ = {
			isa = PBXGroup;
			children = (
				870D2DFB1D596BDE00941361 /* NSString+SSLTool.h */,
				870D2DFC1D596BDE00941361 /* NSString+SSLTool.m */,
			);
			name = Tool;
			sourceTree = "<group>";
		};
/* End PBXGroup section */

/* Begin PBXNativeTarget section */
		870D2DC01D596BA400941361 /* 加密 */ = {
			isa = PBXNativeTarget;
			buildConfigurationList = 870D2DF11D596BA400941361 /* Build configuration list for PBXNativeTarget "加密" */;
			buildPhases = (
				870D2DBD1D596BA400941361 /* Sources */,
				870D2DBE1D596BA400941361 /* Frameworks */,
				870D2DBF1D596BA400941361 /* Resources */,
			);
			buildRules = (
			);
			dependencies = (
			);
			name = "加密";
			productName = "加密";
			productReference = 870D2DC11D596BA400941361 /* 加密.app */;
			productType = "com.apple.product-type.application";
		};
		870D2DDC1D596BA400941361 /* 加密Tests */ = {
			isa = PBXNativeTarget;
			buildConfigurationList = 870D2DF41D596BA400941361 /* Build configuration list for PBXNativeTarget "加密Tests" */;
			buildPhases = (
				870D2DD91D596BA400941361 /* Sources */,
				870D2DDA1D596BA400941361 /* Frameworks */,
				870D2DDB1D596BA400941361 /* Resources */,
			);
			buildRules = (
			);
			dependencies = (
				870D2DDF1D596BA400941361 /* PBXTargetDependency */,
			);
			name = "加密Tests";
			productName = "加密Tests";
			productReference = 870D2DDD1D596BA400941361 /* 加密Tests.xctest */;
			productType = "com.apple.product-type.bundle.unit-test";
		};
		870D2DE71D596BA400941361 /* 加密UITests */ = {
			isa = PBXNativeTarget;
			buildConfigurationList = 870D2DF71D596BA400941361 /* Build configuration list for PBXNativeTarget "加密UITests" */;
			buildPhases = (
				870D2DE41D596BA400941361 /* Sources */,
				870D2DE51D596BA400941361 /* Frameworks */,
				870D2DE61D596BA400941361 /* Resources */,
			);
			buildRules = (
			);
			dependencies = (
				870D2DEA1D596BA400941361 /* PBXTargetDependency */,
			);
			name = "加密UITests";
			productName = "加密UITests";
			productReference = 870D2DE81D596BA400941361 /* 加密UITests.xctest */;
			productType = "com.apple.product-type.bundle.ui-testing";
		};
/* End PBXNativeTarget section */

/* Begin PBXProject section */
		870D2DB91D596BA400941361 /* Project object */ = {
			isa = PBXProject;
			attributes = {
				LastUpgradeCheck = 0730;
				ORGANIZATIONNAME = scrum_snail;
				TargetAttributes = {
					870D2DC01D596BA400941361 = {
						CreatedOnToolsVersion = 7.3.1;
					};
					870D2DDC1D596BA400941361 = {
						CreatedOnToolsVersion = 7.3.1;
						TestTargetID = 870D2DC01D596BA400941361;
					};
					870D2DE71D596BA400941361 = {
						CreatedOnToolsVersion = 7.3.1;
						TestTargetID = 870D2DC01D596BA400941361;
					};
				};
			};
			buildConfigurationList = 870D2DBC1D596BA400941361 /* Build configuration list for PBXProject "加密" */;
			compatibilityVersion = "Xcode 3.2";
			developmentRegion = English;
			hasScannedForEncodings = 0;
			knownRegions = (
				en,
				Base,
			);
			mainGroup = 870D2DB81D596BA400941361;
			productRefGroup = 870D2DC21D596BA400941361 /* Products */;
			projectDirPath = "";
			projectRoot = "";
			targets = (
				870D2DC01D596BA400941361 /* 加密 */,
				870D2DDC1D596BA400941361 /* 加密Tests */,
				870D2DE71D596BA400941361 /* 加密UITests */,
			);
		};
/* End PBXProject section */

/* Begin PBXResourcesBuildPhase section */
		870D2DBF1D596BA400941361 /* Resources */ = {
			isa = PBXResourcesBuildPhase;
			buildActionMask = 2147483647;
			files = (
				870D2DD71D596BA400941361 /* LaunchScreen.storyboard in Resources */,
				870D2DD41D596BA400941361 /* Assets.xcassets in Resources */,
				870D2DCF1D596BA400941361 /* Main.storyboard in Resources */,
			);
			runOnlyForDeploymentPostprocessing = 0;
		};
		870D2DDB1D596BA400941361 /* Resources */ = {
			isa = PBXResourcesBuildPhase;
			buildActionMask = 2147483647;
			files = (
			);
			runOnlyForDeploymentPostprocessing = 0;
		};
		870D2DE61D596BA400941361 /* Resources */ = {
			isa = PBXResourcesBuildPhase;
			buildActionMask = 2147483647;
			files = (
			);
			runOnlyForDeploymentPostprocessing = 0;
		};
/* End PBXResourcesBuildPhase section */

/* Begin PBXSourcesBuildPhase section */
		870D2DBD1D596BA400941361 /* Sources */ = {
			isa = PBXSourcesBuildPhase;
			buildActionMask = 2147483647;
			files = (
				870D2DCC1D596BA400941361 /* ViewController.m in Sources */,
				870D2DD21D596BA400941361 /* __.xcdatamodeld in Sources */,
				870D2DFD1D596BDE00941361 /* NSString+SSLTool.m in Sources */,
				870D2DC91D596BA400941361 /* AppDelegate.m in Sources */,
				870D2DC61D596BA400941361 /* main.m in Sources */,
			);
			runOnlyForDeploymentPostprocessing = 0;
		};
		870D2DD91D596BA400941361 /* Sources */ = {
			isa = PBXSourcesBuildPhase;
			buildActionMask = 2147483647;
			files = (
				870D2DE21D596BA400941361 /* __Tests.m in Sources */,
			);
			runOnlyForDeploymentPostprocessing = 0;
		};
		870D2DE41D596BA400941361 /* Sources */ = {
			isa = PBXSourcesBuildPhase;
			buildActionMask = 2147483647;
			files = (
				870D2DED1D596BA400941361 /* __UITests.m in Sources */,
			);
			runOnlyForDeploymentPostprocessing = 0;
		};
/* End PBXSourcesBuildPhase section */

/* Begin PBXTargetDependency section */
		870D2DDF1D596BA400941361 /* PBXTargetDependency */ = {
			isa = PBXTargetDependency;
			target = 870D2DC01D596BA400941361 /* 加密 */;
			targetProxy = 870D2DDE1D596BA400941361 /* PBXContainerItemProxy */;
		};
		870D2DEA1D596BA400941361 /* PBXTargetDependency */ = {
			isa = PBXTargetDependency;
			target = 870D2DC01D596BA400941361 /* 加密 */;
			targetProxy = 870D2DE91D596BA400941361 /* PBXContainerItemProxy */;
		};
/* End PBXTargetDependency section */

/* Begin PBXVariantGroup section */
		870D2DCD1D596BA400941361 /* Main.storyboard */ = {
			isa = PBXVariantGroup;
			children = (
				870D2DCE1D596BA400941361 /* Base */,
			);
			name = Main.storyboard;
			sourceTree = "<group>";
		};
		870D2DD51D596BA400941361 /* LaunchScreen.storyboard */ = {
			isa = PBXVariantGroup;
			children = (
				870D2DD61D596BA400941361 /* Base */,
			);
			name = LaunchScreen.storyboard;
			sourceTree = "<group>";
		};
/* End PBXVariantGroup section */

/* Begin XCBuildConfiguration section */
		870D2DEF1D596BA400941361 /* Debug */ = {
			isa = XCBuildConfiguration;
			buildSettings = {
				ALWAYS_SEARCH_USER_PATHS = NO;
				CLANG_ANALYZER_NONNULL = YES;
				CLANG_CXX_LANGUAGE_STANDARD = "gnu++0x";
				CLANG_CXX_LIBRARY = "libc++";
				CLANG_ENABLE_MODULES = YES;
				CLANG_ENABLE_OBJC_ARC = YES;
				CLANG_WARN_BOOL_CONVERSION = YES;
				CLANG_WARN_CONSTANT_CONVERSION = YES;
				CLANG_WARN_DIRECT_OBJC_ISA_USAGE = YES_ERROR;
				CLANG_WARN_EMPTY_BODY = YES;
				CLANG_WARN_ENUM_CONVERSION = YES;
				CLANG_WARN_INT_CONVERSION = YES;
				CLANG_WARN_OBJC_ROOT_CLASS = YES_ERROR;
				CLANG_WARN_UNREACHABLE_CODE = YES;
				CLANG_WARN__DUPLICATE_METHOD_MATCH = YES;
				"CODE_SIGN_IDENTITY[sdk=iphoneos*]" = "iPhone Developer";
				COPY_PHASE_STRIP = NO;
				DEBUG_INFORMATION_FORMAT = dwarf;
				ENABLE_STRICT_OBJC_MSGSEND = YES;
				ENABLE_TESTABILITY = YES;
				GCC_C_LANGUAGE_STANDARD = gnu99;
				GCC_DYNAMIC_NO_PIC = NO;
				GCC_NO_COMMON_BLOCKS = YES;
				GCC_OPTIMIZATION_LEVEL = 0;
				GCC_PREPROCESSOR_DEFINITIONS = (
					"DEBUG=1",
					"$(inherited)",
				);
				GCC_WARN_64_TO_32_BIT_CONVERSION = YES;
				GCC_WARN_ABOUT_RETURN_TYPE = YES_ERROR;
				GCC_WARN_UNDECLARED_SELECTOR = YES;
				GCC_WARN_UNINITIALIZED_AUTOS = YES_AGGRESSIVE;
				GCC_WARN_UNUSED_FUNCTION = YES;
				GCC_WARN_UNUSED_VARIABLE = YES;
				IPHONEOS_DEPLOYMENT_TARGET = 9.3;
				MTL_ENABLE_DEBUG_INFO = YES;
				ONLY_ACTIVE_ARCH = YES;
				SDKROOT = iphoneos;
				TARGETED_DEVICE_FAMILY = "1,2";
			};
			name = Debug;
		};
		870D2DF01D596BA400941361 /* Release */ = {
			isa = XCBuildConfiguration;
			buildSettings = {
				ALWAYS_SEARCH_USER_PATHS = NO;
				CLANG_ANALYZER_NONNULL = YES;
				CLANG_CXX_LANGUAGE_STANDARD = "gnu++0x";
				CLANG_CXX_LIBRARY = "libc++";
				CLANG_ENABLE_MODULES = YES;
				CLANG_ENABLE_OBJC_ARC = YES;
				CLANG_WARN_BOOL_CONVERSION = YES;
				CLANG_WARN_CONSTANT_CONVERSION = YES;
				CLANG_WARN_DIRECT_OBJC_ISA_USAGE = YES_ERROR;
				CLANG_WARN_EMPTY_BODY = YES;
				CLANG_WARN_ENUM_CONVERSION = YES;
				CLANG_WARN_INT_CONVERSION = YES;
				CLANG_WARN_OBJC_ROOT_CLASS = YES_ERROR;
				CLANG_WARN_UNREACHABLE_CODE = YES;
				CLANG_WARN__DUPLICATE_METHOD_MATCH = YES;
				"CODE_SIGN_IDENTITY[sdk=iphoneos*]" = "iPhone Developer";
				COPY_PHASE_STRIP = NO;
				DEBUG_INFORMATION_FORMAT = "dwarf-with-dsym";
				ENABLE_NS_ASSERTIONS = NO;
				ENABLE_STRICT_OBJC_MSGSEND = YES;
				GCC_C_LANGUAGE_STANDARD = gnu99;
				GCC_NO_COMMON_BLOCKS = YES;
				GCC_WARN_64_TO_32_BIT_CONVERSION = YES;
				GCC_WARN_ABOUT_RETURN_TYPE = YES_ERROR;
				GCC_WARN_UNDECLARED_SELECTOR = YES;
				GCC_WARN_UNINITIALIZED_AUTOS = YES_AGGRESSIVE;
				GCC_WARN_UNUSED_FUNCTION = YES;
				GCC_WARN_UNUSED_VARIABLE = YES;
				IPHONEOS_DEPLOYMENT_TARGET = 9.3;
				MTL_ENABLE_DEBUG_INFO = NO;
				SDKROOT = iphoneos;
				TARGETED_DEVICE_FAMILY = "1,2";
				VALIDATE_PRODUCT = YES;
			};
			name = Release;
		};
		870D2DF21D596BA400941361 /* Debug */ = {
			isa = XCBuildConfiguration;
			buildSettings = {
				ASSETCATALOG_COMPILER_APPICON_NAME = AppIcon;
				INFOPLIST_FILE = "加密/Info.plist";
				LD_RUNPATH_SEARCH_PATHS = "$(inherited) @executable_path/Frameworks";
				PRODUCT_BUNDLE_IDENTIFIER = "cn.scrum-snail.--";
				PRODUCT_NAME = "$(TARGET_NAME)";
			};
			name = Debug;
		};
		870D2DF31D596BA400941361 /* Release */ = {
			isa = XCBuildConfiguration;
			buildSettings = {
				ASSETCATALOG_COMPILER_APPICON_NAME = AppIcon;
				INFOPLIST_FILE = "加密/Info.plist";
				LD_RUNPATH_SEARCH_PATHS = "$(inherited) @executable_path/Frameworks";
				PRODUCT_BUNDLE_IDENTIFIER = "cn.scrum-snail.--";
				PRODUCT_NAME = "$(TARGET_NAME)";
			};
			name = Release;
		};
		870D2DF51D596BA400941361 /* Debug */ = {
			isa = XCBuildConfiguration;
			buildSettings = {
				BUNDLE_LOADER = "$(TEST_HOST)";
				INFOPLIST_FILE = "加密Tests/Info.plist";
				LD_RUNPATH_SEARCH_PATHS = "$(inherited) @executable_path/Frameworks @loader_path/Frameworks";
				PRODUCT_BUNDLE_IDENTIFIER = "cn.scrum-snail.--Tests";
				PRODUCT_NAME = "$(TARGET_NAME)";
				TEST_HOST = "$(BUILT_PRODUCTS_DIR)/加密.app/加密";
			};
			name = Debug;
		};
		870D2DF61D596BA400941361 /* Release */ = {
			isa = XCBuildConfiguration;
			buildSettings = {
				BUNDLE_LOADER = "$(TEST_HOST)";
				INFOPLIST_FILE = "加密Tests/Info.plist";
				LD_RUNPATH_SEARCH_PATHS = "$(inherited) @executable_path/Frameworks @loader_path/Frameworks";
				PRODUCT_BUNDLE_IDENTIFIER = "cn.scrum-snail.--Tests";
				PRODUCT_NAME = "$(TARGET_NAME)";
				TEST_HOST = "$(BUILT_PRODUCTS_DIR)/加密.app/加密";
			};
			name = Release;
		};
		870D2DF81D596BA400941361 /* Debug */ = {
			isa = XCBuildConfiguration;
			buildSettings = {
				INFOPLIST_FILE = "加密UITests/Info.plist";
				LD_RUNPATH_SEARCH_PATHS = "$(inherited) @executable_path/Frameworks @loader_path/Frameworks";
				PRODUCT_BUNDLE_IDENTIFIER = "cn.scrum-snail.--UITests";
				PRODUCT_NAME = "$(TARGET_NAME)";
				TEST_TARGET_NAME = "加密";
			};
			name = Debug;
		};
		870D2DF91D596BA400941361 /* Release */ = {
			isa = XCBuildConfiguration;
			buildSettings = {
				INFOPLIST_FILE = "加密UITests/Info.plist";
				LD_RUNPATH_SEARCH_PATHS = "$(inherited) @executable_path/Frameworks @loader_path/Frameworks";
				PRODUCT_BUNDLE_IDENTIFIER = "cn.scrum-snail.--UITests";
				PRODUCT_NAME = "$(TARGET_NAME)";
				TEST_TARGET_NAME = "加密";
			};
			name = Release;
		};
/* End XCBuildConfiguration section */

/* Begin XCConfigurationList section */
		870D2DBC1D596BA400941361 /* Build configuration list for PBXProject "加密" */ = {
			isa = XCConfigurationList;
			buildConfigurations = (
				870D2DEF1D596BA400941361 /* Debug */,
				870D2DF01D596BA400941361 /* Release */,
			);
			defaultConfigurationIsVisible = 0;
			defaultConfigurationName = Release;
		};
		870D2DF11D596BA400941361 /* Build configuration list for PBXNativeTarget "加密" */ = {
			isa = XCConfigurationList;
			buildConfigurations = (
				870D2DF21D596BA400941361 /* Debug */,
				870D2DF31D596BA400941361 /* Release */,
			);
			defaultConfigurationIsVisible = 0;
		};
		870D2DF41D596BA400941361 /* Build configuration list for PBXNativeTarget "加密Tests" */ = {
			isa = XCConfigurationList;
			buildConfigurations = (
				870D2DF51D596BA400941361 /* Debug */,
				870D2DF61D596BA400941361 /* Release */,
			);
			defaultConfigurationIsVisible = 0;
		};
		870D2DF71D596BA400941361 /* Build configuration list for PBXNativeTarget "加密UITests" */ = {
			isa = XCConfigurationList;
			buildConfigurations = (
				870D2DF81D596BA400941361 /* Debug */,
				870D2DF91D596BA400941361 /* Release */,
			);
			defaultConfigurationIsVisible = 0;
		};
/* End XCConfigurationList section */

/* Begin XCVersionGroup section */
		870D2DD01D596BA400941361 /* __.xcdatamodeld */ = {
			isa = XCVersionGroup;
			children = (
				870D2DD11D596BA400941361 /* __.xcdatamodel */,
			);
			currentVersion = 870D2DD11D596BA400941361 /* __.xcdatamodel */;
			path = __.xcdatamodeld;
			sourceTree = "<group>";
			versionGroupType = wrapper.xcdatamodel;
		};
/* End XCVersionGroup section */
	};
	rootObject = 870D2DB91D596BA400941361 /* Project object */;
}
